// !$*UTF8*$!
{
	archiveVersion = 1;
	classes = {
	};
	objectVersion = 56;
	objects = {

/* Begin PBXBuildFile section */
		15D9BC202925DC90005C9186 /* SaladaApp.swift in Sources */ = {isa = PBXBuildFile; fileRef = 15D9BC1F2925DC90005C9186 /* SaladaApp.swift */; };
		15D9BC222925DC90005C9186 /* ContentView.swift in Sources */ = {isa = PBXBuildFile; fileRef = 15D9BC212925DC90005C9186 /* ContentView.swift */; };
		15D9BC272925DC91005C9186 /* Preview Assets.xcassets in Resources */ = {isa = PBXBuildFile; fileRef = 15D9BC262925DC91005C9186 /* Preview Assets.xcassets */; };
		15D9BC312925DC91005C9186 /* saladaTests.swift in Sources */ = {isa = PBXBuildFile; fileRef = 15D9BC302925DC91005C9186 /* saladaTests.swift */; };
		15D9BC3B2925DC91005C9186 /* saladaUITests.swift in Sources */ = {isa = PBXBuildFile; fileRef = 15D9BC3A2925DC91005C9186 /* saladaUITests.swift */; };
		15D9BC3D2925DC91005C9186 /* saladaUITestsLaunchTests.swift in Sources */ = {isa = PBXBuildFile; fileRef = 15D9BC3C2925DC91005C9186 /* saladaUITestsLaunchTests.swift */; };
		15D9BC4A2925DF57005C9186 /* DataStore.swift in Sources */ = {isa = PBXBuildFile; fileRef = 15D9BC492925DF57005C9186 /* DataStore.swift */; };
		15D9BC6A29272EF7005C9186 /* Poppins-Light.ttf in Resources */ = {isa = PBXBuildFile; fileRef = 15D9BC6929272EF7005C9186 /* Poppins-Light.ttf */; };
		15D9BC6B29272EF7005C9186 /* Poppins-Light.ttf in Resources */ = {isa = PBXBuildFile; fileRef = 15D9BC6929272EF7005C9186 /* Poppins-Light.ttf */; };
		15D9BC6C29272EF7005C9186 /* Poppins-Light.ttf in Resources */ = {isa = PBXBuildFile; fileRef = 15D9BC6929272EF7005C9186 /* Poppins-Light.ttf */; };
		15D9BC722927334B005C9186 /* Ubuntu-Bold.ttf in Resources */ = {isa = PBXBuildFile; fileRef = 15D9BC702927334B005C9186 /* Ubuntu-Bold.ttf */; };
		15D9BC732927334B005C9186 /* Ubuntu-Bold.ttf in Resources */ = {isa = PBXBuildFile; fileRef = 15D9BC702927334B005C9186 /* Ubuntu-Bold.ttf */; };
		15D9BC742927334B005C9186 /* Ubuntu-Bold.ttf in Resources */ = {isa = PBXBuildFile; fileRef = 15D9BC702927334B005C9186 /* Ubuntu-Bold.ttf */; };
		15D9BC752927334B005C9186 /* Ubuntu-Medium.ttf in Resources */ = {isa = PBXBuildFile; fileRef = 15D9BC712927334B005C9186 /* Ubuntu-Medium.ttf */; };
		15D9BC762927334B005C9186 /* Ubuntu-Medium.ttf in Resources */ = {isa = PBXBuildFile; fileRef = 15D9BC712927334B005C9186 /* Ubuntu-Medium.ttf */; };
		15D9BC772927334B005C9186 /* Ubuntu-Medium.ttf in Resources */ = {isa = PBXBuildFile; fileRef = 15D9BC712927334B005C9186 /* Ubuntu-Medium.ttf */; };
		15D9BC7829274304005C9186 /* Assets.xcassets in Resources */ = {isa = PBXBuildFile; fileRef = 15D9BC232925DC91005C9186 /* Assets.xcassets */; };
		15D9BC7A29274363005C9186 /* Ubuntu-Light.ttf in Resources */ = {isa = PBXBuildFile; fileRef = 15D9BC7929274363005C9186 /* Ubuntu-Light.ttf */; };
		15D9BC7D29291CBA005C9186 /* SaladaModel.xcdatamodeld in Sources */ = {isa = PBXBuildFile; fileRef = 15D9BC7B29291CBA005C9186 /* SaladaModel.xcdatamodeld */; };
		15D9BC8029291D75005C9186 /* CoreDataManager.swift in Sources */ = {isa = PBXBuildFile; fileRef = 15D9BC7F29291D75005C9186 /* CoreDataManager.swift */; };
/* End PBXBuildFile section */

/* Begin PBXContainerItemProxy section */
		15D9BC2D2925DC91005C9186 /* PBXContainerItemProxy */ = {
			isa = PBXContainerItemProxy;
			containerPortal = 15D9BC142925DC90005C9186 /* Project object */;
			proxyType = 1;
			remoteGlobalIDString = 15D9BC1B2925DC90005C9186;
			remoteInfo = salada;
		};
		15D9BC372925DC91005C9186 /* PBXContainerItemProxy */ = {
			isa = PBXContainerItemProxy;
			containerPortal = 15D9BC142925DC90005C9186 /* Project object */;
			proxyType = 1;
			remoteGlobalIDString = 15D9BC1B2925DC90005C9186;
			remoteInfo = salada;
		};
/* End PBXContainerItemProxy section */

/* Begin PBXCopyFilesBuildPhase section */
		15D9BC6829265557005C9186 /* Embed Foundation Extensions */ = {
			isa = PBXCopyFilesBuildPhase;
			buildActionMask = 2147483647;
			dstPath = "";
			dstSubfolderSpec = 13;
			files = (
			);
			name = "Embed Foundation Extensions";
			runOnlyForDeploymentPostprocessing = 0;
		};
/* End PBXCopyFilesBuildPhase section */

/* Begin PBXFileReference section */
		15D9BC1C2925DC90005C9186 /* salada.app */ = {isa = PBXFileReference; explicitFileType = wrapper.application; includeInIndex = 0; path = salada.app; sourceTree = BUILT_PRODUCTS_DIR; };
		15D9BC1F2925DC90005C9186 /* SaladaApp.swift */ = {isa = PBXFileReference; lastKnownFileType = sourcecode.swift; path = SaladaApp.swift; sourceTree = "<group>"; };
		15D9BC212925DC90005C9186 /* ContentView.swift */ = {isa = PBXFileReference; lastKnownFileType = sourcecode.swift; path = ContentView.swift; sourceTree = "<group>"; };
		15D9BC232925DC91005C9186 /* Assets.xcassets */ = {isa = PBXFileReference; lastKnownFileType = folder.assetcatalog; path = Assets.xcassets; sourceTree = "<group>"; };
		15D9BC262925DC91005C9186 /* Preview Assets.xcassets */ = {isa = PBXFileReference; lastKnownFileType = folder.assetcatalog; path = "Preview Assets.xcassets"; sourceTree = "<group>"; };
		15D9BC2C2925DC91005C9186 /* saladaTests.xctest */ = {isa = PBXFileReference; explicitFileType = wrapper.cfbundle; includeInIndex = 0; path = saladaTests.xctest; sourceTree = BUILT_PRODUCTS_DIR; };
		15D9BC302925DC91005C9186 /* saladaTests.swift */ = {isa = PBXFileReference; lastKnownFileType = sourcecode.swift; path = saladaTests.swift; sourceTree = "<group>"; };
		15D9BC362925DC91005C9186 /* saladaUITests.xctest */ = {isa = PBXFileReference; explicitFileType = wrapper.cfbundle; includeInIndex = 0; path = saladaUITests.xctest; sourceTree = BUILT_PRODUCTS_DIR; };
		15D9BC3A2925DC91005C9186 /* saladaUITests.swift */ = {isa = PBXFileReference; lastKnownFileType = sourcecode.swift; path = saladaUITests.swift; sourceTree = "<group>"; };
		15D9BC3C2925DC91005C9186 /* saladaUITestsLaunchTests.swift */ = {isa = PBXFileReference; lastKnownFileType = sourcecode.swift; path = saladaUITestsLaunchTests.swift; sourceTree = "<group>"; };
		15D9BC492925DF57005C9186 /* DataStore.swift */ = {isa = PBXFileReference; lastKnownFileType = sourcecode.swift; path = DataStore.swift; sourceTree = "<group>"; };
		15D9BC5129265556005C9186 /* WidgetKit.framework */ = {isa = PBXFileReference; lastKnownFileType = wrapper.framework; name = WidgetKit.framework; path = System/Library/Frameworks/WidgetKit.framework; sourceTree = SDKROOT; };
		15D9BC5329265556005C9186 /* SwiftUI.framework */ = {isa = PBXFileReference; lastKnownFileType = wrapper.framework; name = SwiftUI.framework; path = System/Library/Frameworks/SwiftUI.framework; sourceTree = SDKROOT; };
		15D9BC6929272EF7005C9186 /* Poppins-Light.ttf */ = {isa = PBXFileReference; lastKnownFileType = file; path = "Poppins-Light.ttf"; sourceTree = "<group>"; };
		15D9BC6F2927318E005C9186 /* Info.plist */ = {isa = PBXFileReference; lastKnownFileType = text.plist; path = Info.plist; sourceTree = "<group>"; };
		15D9BC702927334B005C9186 /* Ubuntu-Bold.ttf */ = {isa = PBXFileReference; lastKnownFileType = file; path = "Ubuntu-Bold.ttf"; sourceTree = "<group>"; };
		15D9BC712927334B005C9186 /* Ubuntu-Medium.ttf */ = {isa = PBXFileReference; lastKnownFileType = file; path = "Ubuntu-Medium.ttf"; sourceTree = "<group>"; };
		15D9BC7929274363005C9186 /* Ubuntu-Light.ttf */ = {isa = PBXFileReference; lastKnownFileType = file; path = "Ubuntu-Light.ttf"; sourceTree = "<group>"; };
		15D9BC7C29291CBA005C9186 /* SaladaModel.xcdatamodel */ = {isa = PBXFileReference; lastKnownFileType = wrapper.xcdatamodel; path = SaladaModel.xcdatamodel; sourceTree = "<group>"; };
		15D9BC7F29291D75005C9186 /* CoreDataManager.swift */ = {isa = PBXFileReference; lastKnownFileType = sourcecode.swift; path = CoreDataManager.swift; sourceTree = "<group>"; };
/* End PBXFileReference section */

/* Begin PBXFrameworksBuildPhase section */
		15D9BC192925DC90005C9186 /* Frameworks */ = {
			isa = PBXFrameworksBuildPhase;
			buildActionMask = 2147483647;
			files = (
			);
			runOnlyForDeploymentPostprocessing = 0;
		};
		15D9BC292925DC91005C9186 /* Frameworks */ = {
			isa = PBXFrameworksBuildPhase;
			buildActionMask = 2147483647;
			files = (
			);
			runOnlyForDeploymentPostprocessing = 0;
		};
		15D9BC332925DC91005C9186 /* Frameworks */ = {
			isa = PBXFrameworksBuildPhase;
			buildActionMask = 2147483647;
			files = (
			);
			runOnlyForDeploymentPostprocessing = 0;
		};
/* End PBXFrameworksBuildPhase section */

/* Begin PBXGroup section */
		15D9BC132925DC90005C9186 = {
			isa = PBXGroup;
			children = (
				15D9BC7B29291CBA005C9186 /* SaladaModel.xcdatamodeld */,
				15D9BC6D292730ED005C9186 /* Shared */,
				15D9BC1E2925DC90005C9186 /* salada */,
				15D9BC2F2925DC91005C9186 /* saladaTests */,
				15D9BC392925DC91005C9186 /* saladaUITests */,
				15D9BC5029265556005C9186 /* Frameworks */,
				15D9BC1D2925DC90005C9186 /* Products */,
			);
			sourceTree = "<group>";
		};
		15D9BC1D2925DC90005C9186 /* Products */ = {
			isa = PBXGroup;
			children = (
				15D9BC1C2925DC90005C9186 /* salada.app */,
				15D9BC2C2925DC91005C9186 /* saladaTests.xctest */,
				15D9BC362925DC91005C9186 /* saladaUITests.xctest */,
			);
			name = Products;
			sourceTree = "<group>";
		};
		15D9BC1E2925DC90005C9186 /* salada */ = {
			isa = PBXGroup;
			children = (
				15D9BC7E29291D69005C9186 /* Managers */,
				15D9BC6F2927318E005C9186 /* Info.plist */,
				15D9BC1F2925DC90005C9186 /* SaladaApp.swift */,
				15D9BC212925DC90005C9186 /* ContentView.swift */,
				15D9BC232925DC91005C9186 /* Assets.xcassets */,
				15D9BC252925DC91005C9186 /* Preview Content */,
				15D9BC492925DF57005C9186 /* DataStore.swift */,
			);
			path = salada;
			sourceTree = "<group>";
		};
		15D9BC252925DC91005C9186 /* Preview Content */ = {
			isa = PBXGroup;
			children = (
				15D9BC262925DC91005C9186 /* Preview Assets.xcassets */,
			);
			path = "Preview Content";
			sourceTree = "<group>";
		};
		15D9BC2F2925DC91005C9186 /* saladaTests */ = {
			isa = PBXGroup;
			children = (
				15D9BC302925DC91005C9186 /* saladaTests.swift */,
			);
			path = saladaTests;
			sourceTree = "<group>";
		};
		15D9BC392925DC91005C9186 /* saladaUITests */ = {
			isa = PBXGroup;
			children = (
				15D9BC3A2925DC91005C9186 /* saladaUITests.swift */,
				15D9BC3C2925DC91005C9186 /* saladaUITestsLaunchTests.swift */,
			);
			path = saladaUITests;
			sourceTree = "<group>";
		};
		15D9BC5029265556005C9186 /* Frameworks */ = {
			isa = PBXGroup;
			children = (
				15D9BC5129265556005C9186 /* WidgetKit.framework */,
				15D9BC5329265556005C9186 /* SwiftUI.framework */,
			);
			name = Frameworks;
			sourceTree = "<group>";
		};
		15D9BC6D292730ED005C9186 /* Shared */ = {
			isa = PBXGroup;
			children = (
				15D9BC6E292730F7005C9186 /* CustomFonts */,
			);
			path = Shared;
			sourceTree = "<group>";
		};
		15D9BC6E292730F7005C9186 /* CustomFonts */ = {
			isa = PBXGroup;
			children = (
				15D9BC7929274363005C9186 /* Ubuntu-Light.ttf */,
				15D9BC702927334B005C9186 /* Ubuntu-Bold.ttf */,
				15D9BC712927334B005C9186 /* Ubuntu-Medium.ttf */,
				15D9BC6929272EF7005C9186 /* Poppins-Light.ttf */,
			);
			path = CustomFonts;
			sourceTree = "<group>";
		};
		15D9BC7E29291D69005C9186 /* Managers */ = {
			isa = PBXGroup;
			children = (
				15D9BC7F29291D75005C9186 /* CoreDataManager.swift */,
			);
			path = Managers;
			sourceTree = "<group>";
		};
/* End PBXGroup section */

/* Begin PBXNativeTarget section */
		15D9BC1B2925DC90005C9186 /* salada */ = {
			isa = PBXNativeTarget;
			buildConfigurationList = 15D9BC402925DC91005C9186 /* Build configuration list for PBXNativeTarget "salada" */;
			buildPhases = (
				15D9BC182925DC90005C9186 /* Sources */,
				15D9BC192925DC90005C9186 /* Frameworks */,
				15D9BC1A2925DC90005C9186 /* Resources */,
				15D9BC6829265557005C9186 /* Embed Foundation Extensions */,
			);
			buildRules = (
			);
			dependencies = (
			);
			name = salada;
			productName = salada;
			productReference = 15D9BC1C2925DC90005C9186 /* salada.app */;
			productType = "com.apple.product-type.application";
		};
		15D9BC2B2925DC91005C9186 /* saladaTests */ = {
			isa = PBXNativeTarget;
			buildConfigurationList = 15D9BC432925DC91005C9186 /* Build configuration list for PBXNativeTarget "saladaTests" */;
			buildPhases = (
				15D9BC282925DC91005C9186 /* Sources */,
				15D9BC292925DC91005C9186 /* Frameworks */,
				15D9BC2A2925DC91005C9186 /* Resources */,
			);
			buildRules = (
			);
			dependencies = (
				15D9BC2E2925DC91005C9186 /* PBXTargetDependency */,
			);
			name = saladaTests;
			productName = saladaTests;
			productReference = 15D9BC2C2925DC91005C9186 /* saladaTests.xctest */;
			productType = "com.apple.product-type.bundle.unit-test";
		};
		15D9BC352925DC91005C9186 /* saladaUITests */ = {
			isa = PBXNativeTarget;
			buildConfigurationList = 15D9BC462925DC91005C9186 /* Build configuration list for PBXNativeTarget "saladaUITests" */;
			buildPhases = (
				15D9BC322925DC91005C9186 /* Sources */,
				15D9BC332925DC91005C9186 /* Frameworks */,
				15D9BC342925DC91005C9186 /* Resources */,
			);
			buildRules = (
			);
			dependencies = (
				15D9BC382925DC91005C9186 /* PBXTargetDependency */,
			);
			name = saladaUITests;
			productName = saladaUITests;
			productReference = 15D9BC362925DC91005C9186 /* saladaUITests.xctest */;
			productType = "com.apple.product-type.bundle.ui-testing";
		};
/* End PBXNativeTarget section */

/* Begin PBXProject section */
		15D9BC142925DC90005C9186 /* Project object */ = {
			isa = PBXProject;
			attributes = {
				BuildIndependentTargetsInParallel = 1;
				LastSwiftUpdateCheck = 1410;
				LastUpgradeCheck = 1410;
				TargetAttributes = {
					15D9BC1B2925DC90005C9186 = {
						CreatedOnToolsVersion = 14.1;
					};
					15D9BC2B2925DC91005C9186 = {
						CreatedOnToolsVersion = 14.1;
						TestTargetID = 15D9BC1B2925DC90005C9186;
					};
					15D9BC352925DC91005C9186 = {
						CreatedOnToolsVersion = 14.1;
						TestTargetID = 15D9BC1B2925DC90005C9186;
					};
				};
			};
			buildConfigurationList = 15D9BC172925DC90005C9186 /* Build configuration list for PBXProject "salada" */;
			compatibilityVersion = "Xcode 14.0";
			developmentRegion = en;
			hasScannedForEncodings = 0;
			knownRegions = (
				en,
				Base,
			);
			mainGroup = 15D9BC132925DC90005C9186;
			productRefGroup = 15D9BC1D2925DC90005C9186 /* Products */;
			projectDirPath = "";
			projectRoot = "";
			targets = (
				15D9BC1B2925DC90005C9186 /* salada */,
				15D9BC2B2925DC91005C9186 /* saladaTests */,
				15D9BC352925DC91005C9186 /* saladaUITests */,
			);
		};
/* End PBXProject section */

/* Begin PBXResourcesBuildPhase section */
		15D9BC1A2925DC90005C9186 /* Resources */ = {
			isa = PBXResourcesBuildPhase;
			buildActionMask = 2147483647;
			files = (
				15D9BC722927334B005C9186 /* Ubuntu-Bold.ttf in Resources */,
				15D9BC752927334B005C9186 /* Ubuntu-Medium.ttf in Resources */,
				15D9BC272925DC91005C9186 /* Preview Assets.xcassets in Resources */,
				15D9BC6A29272EF7005C9186 /* Poppins-Light.ttf in Resources */,
				15D9BC7A29274363005C9186 /* Ubuntu-Light.ttf in Resources */,
				15D9BC7829274304005C9186 /* Assets.xcassets in Resources */,
			);
			runOnlyForDeploymentPostprocessing = 0;
		};
		15D9BC2A2925DC91005C9186 /* Resources */ = {
			isa = PBXResourcesBuildPhase;
			buildActionMask = 2147483647;
			files = (
				15D9BC732927334B005C9186 /* Ubuntu-Bold.ttf in Resources */,
				15D9BC6B29272EF7005C9186 /* Poppins-Light.ttf in Resources */,
				15D9BC762927334B005C9186 /* Ubuntu-Medium.ttf in Resources */,
			);
			runOnlyForDeploymentPostprocessing = 0;
		};
		15D9BC342925DC91005C9186 /* Resources */ = {
			isa = PBXResourcesBuildPhase;
			buildActionMask = 2147483647;
			files = (
				15D9BC742927334B005C9186 /* Ubuntu-Bold.ttf in Resources */,
				15D9BC6C29272EF7005C9186 /* Poppins-Light.ttf in Resources */,
				15D9BC772927334B005C9186 /* Ubuntu-Medium.ttf in Resources */,
			);
			runOnlyForDeploymentPostprocessing = 0;
		};
/* End PBXResourcesBuildPhase section */

/* Begin PBXSourcesBuildPhase section */
		15D9BC182925DC90005C9186 /* Sources */ = {
			isa = PBXSourcesBuildPhase;
			buildActionMask = 2147483647;
			files = (
				15D9BC222925DC90005C9186 /* ContentView.swift in Sources */,
				15D9BC4A2925DF57005C9186 /* DataStore.swift in Sources */,
				15D9BC202925DC90005C9186 /* SaladaApp.swift in Sources */,
				15D9BC8029291D75005C9186 /* CoreDataManager.swift in Sources */,
				15D9BC7D29291CBA005C9186 /* SaladaModel.xcdatamodeld in Sources */,
			);
			runOnlyForDeploymentPostprocessing = 0;
		};
		15D9BC282925DC91005C9186 /* Sources */ = {
			isa = PBXSourcesBuildPhase;
			buildActionMask = 2147483647;
			files = (
				15D9BC312925DC91005C9186 /* saladaTests.swift in Sources */,
			);
			runOnlyForDeploymentPostprocessing = 0;
		};
		15D9BC322925DC91005C9186 /* Sources */ = {
			isa = PBXSourcesBuildPhase;
			buildActionMask = 2147483647;
			files = (
				15D9BC3D2925DC91005C9186 /* saladaUITestsLaunchTests.swift in Sources */,
				15D9BC3B2925DC91005C9186 /* saladaUITests.swift in Sources */,
			);
			runOnlyForDeploymentPostprocessing = 0;
		};
/* End PBXSourcesBuildPhase section */

/* Begin PBXTargetDependency section */
		15D9BC2E2925DC91005C9186 /* PBXTargetDependency */ = {
			isa = PBXTargetDependency;
			target = 15D9BC1B2925DC90005C9186 /* salada */;
			targetProxy = 15D9BC2D2925DC91005C9186 /* PBXContainerItemProxy */;
		};
		15D9BC382925DC91005C9186 /* PBXTargetDependency */ = {
			isa = PBXTargetDependency;
			target = 15D9BC1B2925DC90005C9186 /* salada */;
			targetProxy = 15D9BC372925DC91005C9186 /* PBXContainerItemProxy */;
		};
/* End PBXTargetDependency section */

/* Begin XCBuildConfiguration section */
		15D9BC3E2925DC91005C9186 /* Debug */ = {
			isa = XCBuildConfiguration;
			buildSettings = {
				ALWAYS_SEARCH_USER_PATHS = NO;
				CLANG_ANALYZER_NONNULL = YES;
				CLANG_ANALYZER_NUMBER_OBJECT_CONVERSION = YES_AGGRESSIVE;
				CLANG_CXX_LANGUAGE_STANDARD = "gnu++20";
				CLANG_ENABLE_MODULES = YES;
				CLANG_ENABLE_OBJC_ARC = YES;
				CLANG_ENABLE_OBJC_WEAK = YES;
				CLANG_WARN_BLOCK_CAPTURE_AUTORELEASING = YES;
				CLANG_WARN_BOOL_CONVERSION = YES;
				CLANG_WARN_COMMA = YES;
				CLANG_WARN_CONSTANT_CONVERSION = YES;
				CLANG_WARN_DEPRECATED_OBJC_IMPLEMENTATIONS = YES;
				CLANG_WARN_DIRECT_OBJC_ISA_USAGE = YES_ERROR;
				CLANG_WARN_DOCUMENTATION_COMMENTS = YES;
				CLANG_WARN_EMPTY_BODY = YES;
				CLANG_WARN_ENUM_CONVERSION = YES;
				CLANG_WARN_INFINITE_RECURSION = YES;
				CLANG_WARN_INT_CONVERSION = YES;
				CLANG_WARN_NON_LITERAL_NULL_CONVERSION = YES;
				CLANG_WARN_OBJC_IMPLICIT_RETAIN_SELF = YES;
				CLANG_WARN_OBJC_LITERAL_CONVERSION = YES;
				CLANG_WARN_OBJC_ROOT_CLASS = YES_ERROR;
				CLANG_WARN_QUOTED_INCLUDE_IN_FRAMEWORK_HEADER = YES;
				CLANG_WARN_RANGE_LOOP_ANALYSIS = YES;
				CLANG_WARN_STRICT_PROTOTYPES = YES;
				CLANG_WARN_SUSPICIOUS_MOVE = YES;
				CLANG_WARN_UNGUARDED_AVAILABILITY = YES_AGGRESSIVE;
				CLANG_WARN_UNREACHABLE_CODE = YES;
				CLANG_WARN__DUPLICATE_METHOD_MATCH = YES;
				COPY_PHASE_STRIP = NO;
				DEBUG_INFORMATION_FORMAT = dwarf;
				ENABLE_STRICT_OBJC_MSGSEND = YES;
				ENABLE_TESTABILITY = YES;
				GCC_C_LANGUAGE_STANDARD = gnu11;
				GCC_DYNAMIC_NO_PIC = NO;
				GCC_NO_COMMON_BLOCKS = YES;
				GCC_OPTIMIZATION_LEVEL = 0;
				GCC_PREPROCESSOR_DEFINITIONS = (
					"DEBUG=1",
					"$(inherited)",
				);
				GCC_WARN_64_TO_32_BIT_CONVERSION = YES;
				GCC_WARN_ABOUT_RETURN_TYPE = YES_ERROR;
				GCC_WARN_UNDECLARED_SELECTOR = YES;
				GCC_WARN_UNINITIALIZED_AUTOS = YES_AGGRESSIVE;
				GCC_WARN_UNUSED_FUNCTION = YES;
				GCC_WARN_UNUSED_VARIABLE = YES;
				IPHONEOS_DEPLOYMENT_TARGET = 16.1;
				MTL_ENABLE_DEBUG_INFO = INCLUDE_SOURCE;
				MTL_FAST_MATH = YES;
				ONLY_ACTIVE_ARCH = YES;
				SDKROOT = iphoneos;
				SWIFT_ACTIVE_COMPILATION_CONDITIONS = DEBUG;
				SWIFT_OPTIMIZATION_LEVEL = "-Onone";
			};
			name = Debug;
		};
		15D9BC3F2925DC91005C9186 /* Release */ = {
			isa = XCBuildConfiguration;
			buildSettings = {
				ALWAYS_SEARCH_USER_PATHS = NO;
				CLANG_ANALYZER_NONNULL = YES;
				CLANG_ANALYZER_NUMBER_OBJECT_CONVERSION = YES_AGGRESSIVE;
				CLANG_CXX_LANGUAGE_STANDARD = "gnu++20";
				CLANG_ENABLE_MODULES = YES;
				CLANG_ENABLE_OBJC_ARC = YES;
				CLANG_ENABLE_OBJC_WEAK = YES;
				CLANG_WARN_BLOCK_CAPTURE_AUTORELEASING = YES;
				CLANG_WARN_BOOL_CONVERSION = YES;
				CLANG_WARN_COMMA = YES;
				CLANG_WARN_CONSTANT_CONVERSION = YES;
				CLANG_WARN_DEPRECATED_OBJC_IMPLEMENTATIONS = YES;
				CLANG_WARN_DIRECT_OBJC_ISA_USAGE = YES_ERROR;
				CLANG_WARN_DOCUMENTATION_COMMENTS = YES;
				CLANG_WARN_EMPTY_BODY = YES;
				CLANG_WARN_ENUM_CONVERSION = YES;
				CLANG_WARN_INFINITE_RECURSION = YES;
				CLANG_WARN_INT_CONVERSION = YES;
				CLANG_WARN_NON_LITERAL_NULL_CONVERSION = YES;
				CLANG_WARN_OBJC_IMPLICIT_RETAIN_SELF = YES;
				CLANG_WARN_OBJC_LITERAL_CONVERSION = YES;
				CLANG_WARN_OBJC_ROOT_CLASS = YES_ERROR;
				CLANG_WARN_QUOTED_INCLUDE_IN_FRAMEWORK_HEADER = YES;
				CLANG_WARN_RANGE_LOOP_ANALYSIS = YES;
				CLANG_WARN_STRICT_PROTOTYPES = YES;
				CLANG_WARN_SUSPICIOUS_MOVE = YES;
				CLANG_WARN_UNGUARDED_AVAILABILITY = YES_AGGRESSIVE;
				CLANG_WARN_UNREACHABLE_CODE = YES;
				CLANG_WARN__DUPLICATE_METHOD_MATCH = YES;
				COPY_PHASE_STRIP = NO;
				DEBUG_INFORMATION_FORMAT = "dwarf-with-dsym";
				ENABLE_NS_ASSERTIONS = NO;
				ENABLE_STRICT_OBJC_MSGSEND = YES;
				GCC_C_LANGUAGE_STANDARD = gnu11;
				GCC_NO_COMMON_BLOCKS = YES;
				GCC_WARN_64_TO_32_BIT_CONVERSION = YES;
				GCC_WARN_ABOUT_RETURN_TYPE = YES_ERROR;
				GCC_WARN_UNDECLARED_SELECTOR = YES;
				GCC_WARN_UNINITIALIZED_AUTOS = YES_AGGRESSIVE;
				GCC_WARN_UNUSED_FUNCTION = YES;
				GCC_WARN_UNUSED_VARIABLE = YES;
				IPHONEOS_DEPLOYMENT_TARGET = 16.1;
				MTL_ENABLE_DEBUG_INFO = NO;
				MTL_FAST_MATH = YES;
				SDKROOT = iphoneos;
				SWIFT_COMPILATION_MODE = wholemodule;
				SWIFT_OPTIMIZATION_LEVEL = "-O";
				VALIDATE_PRODUCT = YES;
			};
			name = Release;
		};
		15D9BC412925DC91005C9186 /* Debug */ = {
			isa = XCBuildConfiguration;
			buildSettings = {
				ASSETCATALOG_COMPILER_APPICON_NAME = AppIcon;
				ASSETCATALOG_COMPILER_GLOBAL_ACCENT_COLOR_NAME = AccentColor;
				CODE_SIGN_STYLE = Automatic;
				CURRENT_PROJECT_VERSION = 1;
				DEVELOPMENT_ASSET_PATHS = "\"salada/Preview Content\"";
				DEVELOPMENT_TEAM = PNW69CQUUX;
				ENABLE_PREVIEWS = YES;
				GENERATE_INFOPLIST_FILE = YES;
				INFOPLIST_FILE = salada/Info.plist;
				INFOPLIST_KEY_CFBundleDisplayName = "Salada Dev";
				"INFOPLIST_KEY_CFBundleDisplayName[sdk=*]" = "Salada Dev";
				INFOPLIST_KEY_UIApplicationSceneManifest_Generation = YES;
				INFOPLIST_KEY_UIApplicationSupportsIndirectInputEvents = YES;
				INFOPLIST_KEY_UILaunchScreen_Generation = YES;
				INFOPLIST_KEY_UIStatusBarStyle = "";
				INFOPLIST_KEY_UISupportedInterfaceOrientations = UIInterfaceOrientationPortrait;
				IPHONEOS_DEPLOYMENT_TARGET = 16.0;
				LD_RUNPATH_SEARCH_PATHS = (
					"$(inherited)",
					"@executable_path/Frameworks",
				);
				MARKETING_VERSION = 1.0;
				PRODUCT_BUNDLE_IDENTIFIER = com.brunoocasali.salada;
				PRODUCT_NAME = salada;
				SWIFT_EMIT_LOC_STRINGS = YES;
				SWIFT_VERSION = 5.0;
				TARGETED_DEVICE_FAMILY = "1,2";
			};
			name = Debug;
		};
		15D9BC422925DC91005C9186 /* Release */ = {
			isa = XCBuildConfiguration;
			buildSettings = {
				ASSETCATALOG_COMPILER_APPICON_NAME = AppIcon;
				ASSETCATALOG_COMPILER_GLOBAL_ACCENT_COLOR_NAME = AccentColor;
				CODE_SIGN_STYLE = Automatic;
				CURRENT_PROJECT_VERSION = 1;
				DEVELOPMENT_ASSET_PATHS = "\"salada/Preview Content\"";
				DEVELOPMENT_TEAM = PNW69CQUUX;
				ENABLE_PREVIEWS = YES;
				GENERATE_INFOPLIST_FILE = YES;
				INFOPLIST_FILE = salada/Info.plist;
				INFOPLIST_KEY_CFBundleDisplayName = "Salada Dev";
				"INFOPLIST_KEY_CFBundleDisplayName[sdk=*]" = Salada;
				INFOPLIST_KEY_UIApplicationSceneManifest_Generation = YES;
				INFOPLIST_KEY_UIApplicationSupportsIndirectInputEvents = YES;
				INFOPLIST_KEY_UILaunchScreen_Generation = YES;
				INFOPLIST_KEY_UIStatusBarStyle = "";
				INFOPLIST_KEY_UISupportedInterfaceOrientations = UIInterfaceOrientationPortrait;
				IPHONEOS_DEPLOYMENT_TARGET = 16.0;
				LD_RUNPATH_SEARCH_PATHS = (
					"$(inherited)",
					"@executable_path/Frameworks",
				);
				MARKETING_VERSION = 1.0;
				PRODUCT_BUNDLE_IDENTIFIER = com.brunoocasali.salada;
				PRODUCT_NAME = "$(TARGET_NAME)";
				SWIFT_EMIT_LOC_STRINGS = YES;
				SWIFT_VERSION = 5.0;
				TARGETED_DEVICE_FAMILY = "1,2";
			};
			name = Release;
		};
		15D9BC442925DC91005C9186 /* Debug */ = {
			isa = XCBuildConfiguration;
			buildSettings = {
				ALWAYS_EMBED_SWIFT_STANDARD_LIBRARIES = YES;
				BUNDLE_LOADER = "$(TEST_HOST)";
				CODE_SIGN_STYLE = Automatic;
				CURRENT_PROJECT_VERSION = 1;
				DEVELOPMENT_TEAM = PNW69CQUUX;
				GENERATE_INFOPLIST_FILE = YES;
				IPHONEOS_DEPLOYMENT_TARGET = 16.1;
				MARKETING_VERSION = 1.0;
				PRODUCT_BUNDLE_IDENTIFIER = com.brunoocasali.saladaTests;
				PRODUCT_NAME = "$(TARGET_NAME)";
				SWIFT_EMIT_LOC_STRINGS = NO;
				SWIFT_VERSION = 5.0;
				TARGETED_DEVICE_FAMILY = "1,2";
				TEST_HOST = "$(BUILT_PRODUCTS_DIR)/salada.app/$(BUNDLE_EXECUTABLE_FOLDER_PATH)/salada";
			};
			name = Debug;
		};
		15D9BC452925DC91005C9186 /* Release */ = {
			isa = XCBuildConfiguration;
			buildSettings = {
				ALWAYS_EMBED_SWIFT_STANDARD_LIBRARIES = YES;
				BUNDLE_LOADER = "$(TEST_HOST)";
				CODE_SIGN_STYLE = Automatic;
				CURRENT_PROJECT_VERSION = 1;
				DEVELOPMENT_TEAM = PNW69CQUUX;
				GENERATE_INFOPLIST_FILE = YES;
				IPHONEOS_DEPLOYMENT_TARGET = 16.1;
				MARKETING_VERSION = 1.0;
				PRODUCT_BUNDLE_IDENTIFIER = com.brunoocasali.saladaTests;
				PRODUCT_NAME = "$(TARGET_NAME)";
				SWIFT_EMIT_LOC_STRINGS = NO;
				SWIFT_VERSION = 5.0;
				TARGETED_DEVICE_FAMILY = "1,2";
				TEST_HOST = "$(BUILT_PRODUCTS_DIR)/salada.app/$(BUNDLE_EXECUTABLE_FOLDER_PATH)/salada";
			};
			name = Release;
		};
		15D9BC472925DC91005C9186 /* Debug */ = {
			isa = XCBuildConfiguration;
			buildSettings = {
				ALWAYS_EMBED_SWIFT_STANDARD_LIBRARIES = YES;
				CODE_SIGN_STYLE = Automatic;
				CURRENT_PROJECT_VERSION = 1;
				DEVELOPMENT_TEAM = PNW69CQUUX;
				GENERATE_INFOPLIST_FILE = YES;
				MARKETING_VERSION = 1.0;
				PRODUCT_BUNDLE_IDENTIFIER = com.brunoocasali.saladaUITests;
				PRODUCT_NAME = "$(TARGET_NAME)";
				SWIFT_EMIT_LOC_STRINGS = NO;
				SWIFT_VERSION = 5.0;
				TARGETED_DEVICE_FAMILY = "1,2";
				TEST_TARGET_NAME = salada;
			};
			name = Debug;
		};
		15D9BC482925DC91005C9186 /* Release */ = {
			isa = XCBuildConfiguration;
			buildSettings = {
				ALWAYS_EMBED_SWIFT_STANDARD_LIBRARIES = YES;
				CODE_SIGN_STYLE = Automatic;
				CURRENT_PROJECT_VERSION = 1;
				DEVELOPMENT_TEAM = PNW69CQUUX;
				GENERATE_INFOPLIST_FILE = YES;
				MARKETING_VERSION = 1.0;
				PRODUCT_BUNDLE_IDENTIFIER = com.brunoocasali.saladaUITests;
				PRODUCT_NAME = "$(TARGET_NAME)";
				SWIFT_EMIT_LOC_STRINGS = NO;
				SWIFT_VERSION = 5.0;
				TARGETED_DEVICE_FAMILY = "1,2";
				TEST_TARGET_NAME = salada;
			};
			name = Release;
		};
/* End XCBuildConfiguration section */

/* Begin XCConfigurationList section */
		15D9BC172925DC90005C9186 /* Build configuration list for PBXProject "salada" */ = {
			isa = XCConfigurationList;
			buildConfigurations = (
				15D9BC3E2925DC91005C9186 /* Debug */,
				15D9BC3F2925DC91005C9186 /* Release */,
			);
			defaultConfigurationIsVisible = 0;
			defaultConfigurationName = Release;
		};
		15D9BC402925DC91005C9186 /* Build configuration list for PBXNativeTarget "salada" */ = {
			isa = XCConfigurationList;
			buildConfigurations = (
				15D9BC412925DC91005C9186 /* Debug */,
				15D9BC422925DC91005C9186 /* Release */,
			);
			defaultConfigurationIsVisible = 0;
			defaultConfigurationName = Release;
		};
		15D9BC432925DC91005C9186 /* Build configuration list for PBXNativeTarget "saladaTests" */ = {
			isa = XCConfigurationList;
			buildConfigurations = (
				15D9BC442925DC91005C9186 /* Debug */,
				15D9BC452925DC91005C9186 /* Release */,
			);
			defaultConfigurationIsVisible = 0;
			defaultConfigurationName = Release;
		};
		15D9BC462925DC91005C9186 /* Build configuration list for PBXNativeTarget "saladaUITests" */ = {
			isa = XCConfigurationList;
			buildConfigurations = (
				15D9BC472925DC91005C9186 /* Debug */,
				15D9BC482925DC91005C9186 /* Release */,
			);
			defaultConfigurationIsVisible = 0;
			defaultConfigurationName = Release;
		};
/* End XCConfigurationList section */

/* Begin XCVersionGroup section */
		15D9BC7B29291CBA005C9186 /* SaladaModel.xcdatamodeld */ = {
			isa = XCVersionGroup;
			children = (
				15D9BC7C29291CBA005C9186 /* SaladaModel.xcdatamodel */,
			);
			currentVersion = 15D9BC7C29291CBA005C9186 /* SaladaModel.xcdatamodel */;
			path = SaladaModel.xcdatamodeld;
			sourceTree = "<group>";
			versionGroupType = wrapper.xcdatamodel;
		};
/* End XCVersionGroup section */
	};
	rootObject = 15D9BC142925DC90005C9186 /* Project object */;
}
